
Microsoft Visual Studio Solution File, Format Version 12.00
# Visual Studio Version 16
VisualStudioVersion = 16.0.29215.179
MinimumVisualStudioVersion = 10.0.40219.1
Project("{FAE04EC0-301F-11D3-BF4B-00C04F79EFBC}") = "WebApplicationAspNet", "WebApplicationAspNet\WebApplicationAspNet.csproj", "{17C6D403-434C-4AAD-9152-6D023B6C5B70}"
EndProject
Project("{FAE04EC0-301F-11D3-BF4B-00C04F79EFBC}") = "WebApplicationAspNet.Tests", "WebApplicationAspNet.Tests\WebApplicationAspNet.Tests.csproj", "{38433DBA-952B-4665-AD77-9E43332401A0}"
EndProject
Global
	GlobalSection(SolutionConfigurationPlatforms) = preSolution
		Debug|Any CPU = Debug|Any CPU
		Release|Any CPU = Release|Any CPU
	EndGlobalSection
	GlobalSection(ProjectConfigurationPlatforms) = postSolution
		{17C6D403-434C-4AAD-9152-6D023B6C5B70}.Debug|Any CPU.ActiveCfg = Debug|Any CPU
		{17C6D403-434C-4AAD-9152-6D023B6C5B70}.Debug|Any CPU.Build.0 = Debug|Any CPU
		{17C6D403-434C-4AAD-9152-6D023B6C5B70}.Release|Any CPU.ActiveCfg = Release|Any CPU
		{17C6D403-434C-4AAD-9152-6D023B6C5B70}.Release|Any CPU.Build.0 = Release|Any CPU
		{38433DBA-952B-4665-AD77-9E43332401A0}.Debug|Any CPU.ActiveCfg = Debug|Any CPU
		{38433DBA-952B-4665-AD77-9E43332401A0}.Debug|Any CPU.Build.0 = Debug|Any CPU
		{38433DBA-952B-4665-AD77-9E43332401A0}.Release|Any CPU.ActiveCfg = Release|Any CPU
		{38433DBA-952B-4665-AD77-9E43332401A0}.Release|Any CPU.Build.0 = Release|Any CPU
	EndGlobalSection
	GlobalSection(SolutionProperties) = preSolution
		HideSolutionNode = FALSE
	EndGlobalSection
	GlobalSection(ExtensibilityGlobals) = postSolution
		SolutionGuid = {B34D5A44-F856-4889-AA67-219F1B7FCC27}
	EndGlobalSection
EndGlobal
